// !$*UTF8*$!
{
	archiveVersion = 1;
	classes = {
	};
	objectVersion = 46;
	objects = {

/* Begin PBXBuildFile section */
		9A21BF821DA58470006A6F34 /* libmfhdf.dylib in Frameworks */ = {isa = PBXBuildFile; fileRef = 9A21BF811DA58470006A6F34 /* libmfhdf.dylib */; };
		9A21BF841DA5847F006A6F34 /* libdf.dylib in Frameworks */ = {isa = PBXBuildFile; fileRef = 9A21BF831DA5847F006A6F34 /* libdf.dylib */; };
		9A8840B6214A9D5000FC83CB /* second_projection.c in Sources */ = {isa = PBXBuildFile; fileRef = 9A8840B4214A9D4F00FC83CB /* second_projection.c */; };
		9AA6E68B214C14D9008A9B8D /* Makefile in Sources */ = {isa = PBXBuildFile; fileRef = 9AA6E68A214C14D9008A9B8D /* Makefile */; };
		9AA8CE5A22187924009477C0 /* molecular_transport.c in Sources */ = {isa = PBXBuildFile; fileRef = 9AA8CE5822187924009477C0 /* molecular_transport.c */; };
		9AB5079122368A010075502D /* userdata_BreakingWave.c in Sources */ = {isa = PBXBuildFile; fileRef = 9AB5079022368A010075502D /* userdata_BreakingWave.c */; };
		9AC4F9841DA3F06F00AED455 /* boundary.c in Sources */ = {isa = PBXBuildFile; fileRef = 9AC4F9231DA3F06F00AED455 /* boundary.c */; };
		9AC4F9911DA3F06F00AED455 /* data.c in Sources */ = {isa = PBXBuildFile; fileRef = 9AC4F9391DA3F06F00AED455 /* data.c */; };
		9AC4F9921DA3F06F00AED455 /* io.c in Sources */ = {isa = PBXBuildFile; fileRef = 9AC4F93D1DA3F06F00AED455 /* io.c */; };
		9AC4F9931DA3F06F00AED455 /* Main.c in Sources */ = {isa = PBXBuildFile; fileRef = 9AC4F93F1DA3F06F00AED455 /* Main.c */; };
		9AC4F9941DA3F06F00AED455 /* memory.c in Sources */ = {isa = PBXBuildFile; fileRef = 9AC4F9411DA3F06F00AED455 /* memory.c */; };
		9AC4F9951DA3F06F00AED455 /* variable.c in Sources */ = {isa = PBXBuildFile; fileRef = 9AC4F9431DA3F06F00AED455 /* variable.c */; };
		9AC4F9961DA3F06F00AED455 /* kgrid.c in Sources */ = {isa = PBXBuildFile; fileRef = 9AC4F9481DA3F06F00AED455 /* kgrid.c */; };
		9AC4F9971DA3F06F00AED455 /* time_discretization.c in Sources */ = {isa = PBXBuildFile; fileRef = 9AC4F94A1DA3F06F00AED455 /* time_discretization.c */; };
		9AC4F9991DA3F06F00AED455 /* SimpleUtilities.c in Sources */ = {isa = PBXBuildFile; fileRef = 9AC4F9511DA3F06F00AED455 /* SimpleUtilities.c */; };
		9AC4F99B1DA3F06F00AED455 /* Eos.c in Sources */ = {isa = PBXBuildFile; fileRef = 9AC4F9571DA3F06F00AED455 /* Eos.c */; };
		9AC4F99D1DA3F06F00AED455 /* explicit.c in Sources */ = {isa = PBXBuildFile; fileRef = 9AC4F95A1DA3F06F00AED455 /* explicit.c */; };
		9AC4F99E1DA3F06F00AED455 /* Gasdynamics.c in Sources */ = {isa = PBXBuildFile; fileRef = 9AC4F95C1DA3F06F00AED455 /* Gasdynamics.c */; };
		9AC4F99F1DA3F06F00AED455 /* limiter.c in Sources */ = {isa = PBXBuildFile; fileRef = 9AC4F95E1DA3F06F00AED455 /* limiter.c */; };
		9AC4F9A01DA3F06F00AED455 /* numerical_flux.c in Sources */ = {isa = PBXBuildFile; fileRef = 9AC4F9601DA3F06F00AED455 /* numerical_flux.c */; };
		9AC4F9A21DA3F06F00AED455 /* recovery.c in Sources */ = {isa = PBXBuildFile; fileRef = 9AC4F9631DA3F06F00AED455 /* recovery.c */; };
		9AC4F9A31DA3F06F00AED455 /* thermodynamic.c in Sources */ = {isa = PBXBuildFile; fileRef = 9AC4F9651DA3F06F00AED455 /* thermodynamic.c */; };
		9AC4F9AB1DA3F06F00AED455 /* mpv.c in Sources */ = {isa = PBXBuildFile; fileRef = 9AC4F9751DA3F06F00AED455 /* mpv.c */; };
		9AC4F9AC1DA3F06F00AED455 /* laplacian_nodes.c in Sources */ = {isa = PBXBuildFile; fileRef = 9AC4F9781DA3F06F00AED455 /* laplacian_nodes.c */; };
		9AC4F9AF1DA3F06F00AED455 /* variable_coefficient_poisson_nodes.c in Sources */ = {isa = PBXBuildFile; fileRef = 9AC4F97D1DA3F06F00AED455 /* variable_coefficient_poisson_nodes.c */; };
		9ADB58891E07C77E0032A9F2 /* Thomas_Algorithmus_2.c in Sources */ = {isa = PBXBuildFile; fileRef = 9ADB58871E07C77E0032A9F2 /* Thomas_Algorithmus_2.c */; };
		9AE5E7022019C80300399B1A /* Hydrostatics.c in Sources */ = {isa = PBXBuildFile; fileRef = 9AE5E7002019C80300399B1A /* Hydrostatics.c */; };
/* End PBXBuildFile section */

/* Begin PBXCopyFilesBuildPhase section */
		9AC4F9091DA3F02D00AED455 /* CopyFiles */ = {
			isa = PBXCopyFilesBuildPhase;
			buildActionMask = 2147483647;
			dstPath = /usr/share/man/man1/;
			dstSubfolderSpec = 0;
			files = (
			);
			runOnlyForDeploymentPostprocessing = 1;
		};
/* End PBXCopyFilesBuildPhase section */

/* Begin PBXFileReference section */
		9A1ED37C206D0C9200D622A9 /* PrimaryAndDualGrid.eps */ = {isa = PBXFileReference; lastKnownFileType = file; path = PrimaryAndDualGrid.eps; sourceTree = "<group>"; };
		9A21BF811DA58470006A6F34 /* libmfhdf.dylib */ = {isa = PBXFileReference; lastKnownFileType = "compiled.mach-o.dylib"; name = libmfhdf.dylib; path = ../../../../../opt/local/lib/libmfhdf.dylib; sourceTree = "<group>"; };
		9A21BF831DA5847F006A6F34 /* libdf.dylib */ = {isa = PBXFileReference; lastKnownFileType = "compiled.mach-o.dylib"; name = libdf.dylib; path = ../../../../../opt/local/lib/libdf.dylib; sourceTree = "<group>"; };
		9A7A55E521873A4400446950 /* .gitignore */ = {isa = PBXFileReference; lastKnownFileType = text; path = .gitignore; sourceTree = "<group>"; };
		9A8840AE2148EB2700FC83CB /* RandomNotes.txt */ = {isa = PBXFileReference; lastKnownFileType = text; path = RandomNotes.txt; sourceTree = "<group>"; };
		9A8840B4214A9D4F00FC83CB /* second_projection.c */ = {isa = PBXFileReference; fileEncoding = 4; lastKnownFileType = sourcecode.c.c; path = second_projection.c; sourceTree = "<group>"; };
		9A8840B5214A9D5000FC83CB /* second_projection.h */ = {isa = PBXFileReference; fileEncoding = 4; lastKnownFileType = sourcecode.c.h; path = second_projection.h; sourceTree = "<group>"; };
		9A8A8DCE2154F67D00FD5838 /* Grid.pdf */ = {isa = PBXFileReference; lastKnownFileType = image.pdf; path = Grid.pdf; sourceTree = "<group>"; };
		9A8A8DCF21552FCE00FD5838 /* Grid.eps */ = {isa = PBXFileReference; lastKnownFileType = file; path = Grid.eps; sourceTree = "<group>"; };
		9AA6E68A214C14D9008A9B8D /* Makefile */ = {isa = PBXFileReference; fileEncoding = 4; lastKnownFileType = sourcecode.make; path = Makefile; sourceTree = "<group>"; };
		9AA8CE5822187924009477C0 /* molecular_transport.c */ = {isa = PBXFileReference; lastKnownFileType = sourcecode.c.c; path = molecular_transport.c; sourceTree = "<group>"; };
		9AA8CE5922187924009477C0 /* molecular_transport.h */ = {isa = PBXFileReference; lastKnownFileType = sourcecode.c.h; path = molecular_transport.h; sourceTree = "<group>"; };
		9AB5078E223562EB0075502D /* Bibliography.bib */ = {isa = PBXFileReference; lastKnownFileType = text; path = Bibliography.bib; sourceTree = "<group>"; };
		9AB5078F223562EB0075502D /* hydro_comp_numerics_mwr.tex */ = {isa = PBXFileReference; lastKnownFileType = text; path = hydro_comp_numerics_mwr.tex; sourceTree = "<group>"; };
		9AB5079022368A010075502D /* userdata_BreakingWave.c */ = {isa = PBXFileReference; fileEncoding = 4; lastKnownFileType = sourcecode.c.c; path = userdata_BreakingWave.c; sourceTree = "<group>"; };
		9AC4F90B1DA3F02D00AED455 /* RKLM_Reference */ = {isa = PBXFileReference; explicitFileType = "compiled.mach-o.executable"; includeInIndex = 0; path = RKLM_Reference; sourceTree = BUILT_PRODUCTS_DIR; };
		9AC4F9151DA3F06F00AED455 /* Common.h */ = {isa = PBXFileReference; fileEncoding = 4; lastKnownFileType = sourcecode.c.h; path = Common.h; sourceTree = "<group>"; };
		9AC4F9171DA3F06F00AED455 /* Bibliography.bib */ = {isa = PBXFileReference; fileEncoding = 4; lastKnownFileType = text; path = Bibliography.bib; sourceTree = "<group>"; };
		9AC4F9181DA3F06F00AED455 /* FluidMechanics.bst */ = {isa = PBXFileReference; fileEncoding = 4; lastKnownFileType = text; path = FluidMechanics.bst; sourceTree = "<group>"; };
		9AC4F91A1DA3F06F00AED455 /* PrimaryAndDualGrid.pdf */ = {isa = PBXFileReference; lastKnownFileType = image.pdf; path = PrimaryAndDualGrid.pdf; sourceTree = "<group>"; };
		9AC4F9211DA3F06F00AED455 /* RKLM_Documentation.tex */ = {isa = PBXFileReference; fileEncoding = 4; lastKnownFileType = text; path = RKLM_Documentation.tex; sourceTree = "<group>"; };
		9AC4F9231DA3F06F00AED455 /* boundary.c */ = {isa = PBXFileReference; fileEncoding = 4; lastKnownFileType = sourcecode.c.c; path = boundary.c; sourceTree = "<group>"; };
		9AC4F9241DA3F06F00AED455 /* boundary.h */ = {isa = PBXFileReference; fileEncoding = 4; lastKnownFileType = sourcecode.c.h; path = boundary.h; sourceTree = "<group>"; };
		9AC4F9261DA3F06F00AED455 /* enum_bdry.h */ = {isa = PBXFileReference; fileEncoding = 4; lastKnownFileType = sourcecode.c.h; path = enum_bdry.h; sourceTree = "<group>"; };
		9AC4F9311DA3F06F00AED455 /* userdata.h */ = {isa = PBXFileReference; fileEncoding = 4; lastKnownFileType = sourcecode.c.h; path = userdata.h; sourceTree = "<group>"; };
		9AC4F9391DA3F06F00AED455 /* data.c */ = {isa = PBXFileReference; fileEncoding = 4; lastKnownFileType = sourcecode.c.c; path = data.c; sourceTree = "<group>"; };
		9AC4F93A1DA3F06F00AED455 /* data.h */ = {isa = PBXFileReference; fileEncoding = 4; lastKnownFileType = sourcecode.c.h; path = data.h; sourceTree = "<group>"; };
		9AC4F93B1DA3F06F00AED455 /* enumerator.h */ = {isa = PBXFileReference; fileEncoding = 4; lastKnownFileType = sourcecode.c.h; path = enumerator.h; sourceTree = "<group>"; };
		9AC4F93C1DA3F06F00AED455 /* error.h */ = {isa = PBXFileReference; fileEncoding = 4; lastKnownFileType = sourcecode.c.h; path = error.h; sourceTree = "<group>"; };
		9AC4F93D1DA3F06F00AED455 /* io.c */ = {isa = PBXFileReference; fileEncoding = 4; lastKnownFileType = sourcecode.c.c; path = io.c; sourceTree = "<group>"; };
		9AC4F93E1DA3F06F00AED455 /* io.h */ = {isa = PBXFileReference; fileEncoding = 4; lastKnownFileType = sourcecode.c.h; path = io.h; sourceTree = "<group>"; };
		9AC4F93F1DA3F06F00AED455 /* Main.c */ = {isa = PBXFileReference; fileEncoding = 4; lastKnownFileType = sourcecode.c.c; path = Main.c; sourceTree = "<group>"; };
		9AC4F9401DA3F06F00AED455 /* main.h */ = {isa = PBXFileReference; fileEncoding = 4; lastKnownFileType = sourcecode.c.h; path = main.h; sourceTree = "<group>"; };
		9AC4F9411DA3F06F00AED455 /* memory.c */ = {isa = PBXFileReference; fileEncoding = 4; lastKnownFileType = sourcecode.c.c; path = memory.c; sourceTree = "<group>"; };
		9AC4F9421DA3F06F00AED455 /* memory.h */ = {isa = PBXFileReference; fileEncoding = 4; lastKnownFileType = sourcecode.c.h; path = memory.h; sourceTree = "<group>"; };
		9AC4F9431DA3F06F00AED455 /* variable.c */ = {isa = PBXFileReference; fileEncoding = 4; lastKnownFileType = sourcecode.c.c; path = variable.c; sourceTree = "<group>"; };
		9AC4F9441DA3F06F00AED455 /* variable.h */ = {isa = PBXFileReference; fileEncoding = 4; lastKnownFileType = sourcecode.c.h; path = variable.h; sourceTree = "<group>"; };
		9AC4F9451DA3F06F00AED455 /* warning.h */ = {isa = PBXFileReference; fileEncoding = 4; lastKnownFileType = sourcecode.c.h; path = warning.h; sourceTree = "<group>"; };
		9AC4F9481DA3F06F00AED455 /* kgrid.c */ = {isa = PBXFileReference; fileEncoding = 4; lastKnownFileType = sourcecode.c.c; path = kgrid.c; sourceTree = "<group>"; };
		9AC4F9491DA3F06F00AED455 /* kgrid.h */ = {isa = PBXFileReference; fileEncoding = 4; lastKnownFileType = sourcecode.c.h; path = kgrid.h; sourceTree = "<group>"; };
		9AC4F94A1DA3F06F00AED455 /* time_discretization.c */ = {isa = PBXFileReference; fileEncoding = 4; lastKnownFileType = sourcecode.c.c; path = time_discretization.c; sourceTree = "<group>"; };
		9AC4F94B1DA3F06F00AED455 /* time_discretization.h */ = {isa = PBXFileReference; fileEncoding = 4; lastKnownFileType = sourcecode.c.h; path = time_discretization.h; sourceTree = "<group>"; };
		9AC4F94F1DA3F06F00AED455 /* math_own.h */ = {isa = PBXFileReference; fileEncoding = 4; lastKnownFileType = sourcecode.c.h; path = math_own.h; sourceTree = "<group>"; };
		9AC4F9511DA3F06F00AED455 /* SimpleUtilities.c */ = {isa = PBXFileReference; fileEncoding = 4; lastKnownFileType = sourcecode.c.c; path = SimpleUtilities.c; sourceTree = "<group>"; };
		9AC4F9521DA3F06F00AED455 /* SimpleUtilities.h */ = {isa = PBXFileReference; fileEncoding = 4; lastKnownFileType = sourcecode.c.h; path = SimpleUtilities.h; sourceTree = "<group>"; };
		9AC4F9541DA3F06F00AED455 /* ThomasAlgorithmus.h */ = {isa = PBXFileReference; fileEncoding = 4; lastKnownFileType = sourcecode.c.h; path = ThomasAlgorithmus.h; sourceTree = "<group>"; };
		9AC4F9571DA3F06F00AED455 /* Eos.c */ = {isa = PBXFileReference; fileEncoding = 4; lastKnownFileType = sourcecode.c.c; path = Eos.c; sourceTree = "<group>"; };
		9AC4F9581DA3F06F00AED455 /* Eos.h */ = {isa = PBXFileReference; fileEncoding = 4; lastKnownFileType = sourcecode.c.h; path = Eos.h; sourceTree = "<group>"; };
		9AC4F95A1DA3F06F00AED455 /* explicit.c */ = {isa = PBXFileReference; fileEncoding = 4; lastKnownFileType = sourcecode.c.c; path = explicit.c; sourceTree = "<group>"; };
		9AC4F95B1DA3F06F00AED455 /* explicit.h */ = {isa = PBXFileReference; fileEncoding = 4; lastKnownFileType = sourcecode.c.h; path = explicit.h; sourceTree = "<group>"; };
		9AC4F95C1DA3F06F00AED455 /* Gasdynamics.c */ = {isa = PBXFileReference; fileEncoding = 4; lastKnownFileType = sourcecode.c.c; path = Gasdynamics.c; sourceTree = "<group>"; };
		9AC4F95D1DA3F06F00AED455 /* Gasdynamics.h */ = {isa = PBXFileReference; fileEncoding = 4; lastKnownFileType = sourcecode.c.h; path = Gasdynamics.h; sourceTree = "<group>"; };
		9AC4F95E1DA3F06F00AED455 /* limiter.c */ = {isa = PBXFileReference; fileEncoding = 4; lastKnownFileType = sourcecode.c.c; path = limiter.c; sourceTree = "<group>"; };
		9AC4F95F1DA3F06F00AED455 /* limiter.h */ = {isa = PBXFileReference; fileEncoding = 4; lastKnownFileType = sourcecode.c.h; path = limiter.h; sourceTree = "<group>"; };
		9AC4F9601DA3F06F00AED455 /* numerical_flux.c */ = {isa = PBXFileReference; fileEncoding = 4; lastKnownFileType = sourcecode.c.c; path = numerical_flux.c; sourceTree = "<group>"; };
		9AC4F9611DA3F06F00AED455 /* numerical_flux.h */ = {isa = PBXFileReference; fileEncoding = 4; lastKnownFileType = sourcecode.c.h; path = numerical_flux.h; sourceTree = "<group>"; };
		9AC4F9631DA3F06F00AED455 /* recovery.c */ = {isa = PBXFileReference; fileEncoding = 4; lastKnownFileType = sourcecode.c.c; path = recovery.c; sourceTree = "<group>"; };
		9AC4F9641DA3F06F00AED455 /* recovery.h */ = {isa = PBXFileReference; fileEncoding = 4; lastKnownFileType = sourcecode.c.h; path = recovery.h; sourceTree = "<group>"; };
		9AC4F9651DA3F06F00AED455 /* thermodynamic.c */ = {isa = PBXFileReference; fileEncoding = 4; lastKnownFileType = sourcecode.c.c; path = thermodynamic.c; sourceTree = "<group>"; };
		9AC4F9661DA3F06F00AED455 /* thermodynamic.h */ = {isa = PBXFileReference; fileEncoding = 4; lastKnownFileType = sourcecode.c.h; path = thermodynamic.h; sourceTree = "<group>"; };
		9AC4F9751DA3F06F00AED455 /* mpv.c */ = {isa = PBXFileReference; fileEncoding = 4; lastKnownFileType = sourcecode.c.c; path = mpv.c; sourceTree = "<group>"; };
		9AC4F9761DA3F06F00AED455 /* mpv.h */ = {isa = PBXFileReference; fileEncoding = 4; lastKnownFileType = sourcecode.c.h; path = mpv.h; sourceTree = "<group>"; };
		9AC4F9781DA3F06F00AED455 /* laplacian_nodes.c */ = {isa = PBXFileReference; fileEncoding = 4; lastKnownFileType = sourcecode.c.c; path = laplacian_nodes.c; sourceTree = "<group>"; };
		9AC4F9791DA3F06F00AED455 /* laplacian_nodes.h */ = {isa = PBXFileReference; fileEncoding = 4; lastKnownFileType = sourcecode.c.h; path = laplacian_nodes.h; sourceTree = "<group>"; };
		9AC4F97D1DA3F06F00AED455 /* variable_coefficient_poisson_nodes.c */ = {isa = PBXFileReference; fileEncoding = 4; lastKnownFileType = sourcecode.c.c; path = variable_coefficient_poisson_nodes.c; sourceTree = "<group>"; };
		9AC4F97E1DA3F06F00AED455 /* variable_coefficient_poisson_nodes.h */ = {isa = PBXFileReference; fileEncoding = 4; lastKnownFileType = sourcecode.c.h; path = variable_coefficient_poisson_nodes.h; sourceTree = "<group>"; };
		9ADB58871E07C77E0032A9F2 /* Thomas_Algorithmus_2.c */ = {isa = PBXFileReference; fileEncoding = 4; lastKnownFileType = sourcecode.c.c; path = Thomas_Algorithmus_2.c; sourceTree = "<group>"; };
		9ADC1B4D1F46C0F30053F709 /* Semi-implicit-gravity.tex */ = {isa = PBXFileReference; lastKnownFileType = text; path = "Semi-implicit-gravity.tex"; sourceTree = "<group>"; };
		9AE4ABD11DBF3988007205FD /* CheckSymmetries.m */ = {isa = PBXFileReference; lastKnownFileType = sourcecode.c.objc; path = CheckSymmetries.m; sourceTree = "<group>"; };
		9AE4ABD21DBF3989007205FD /* CheckSymmetry.m */ = {isa = PBXFileReference; lastKnownFileType = sourcecode.c.objc; path = CheckSymmetry.m; sourceTree = "<group>"; };
		9AE4ABDB1DBF3989007205FD /* Show_sequence.m */ = {isa = PBXFileReference; lastKnownFileType = sourcecode.c.objc; path = Show_sequence.m; sourceTree = "<group>"; };
		9AE4ABDC1DBF3989007205FD /* Show_sequence_3D.m */ = {isa = PBXFileReference; lastKnownFileType = sourcecode.c.objc; path = Show_sequence_3D.m; sourceTree = "<group>"; };
		9AE4ABDD1DBF3989007205FD /* SymmetryTests.m */ = {isa = PBXFileReference; lastKnownFileType = sourcecode.c.objc; path = SymmetryTests.m; sourceTree = "<group>"; };
		9AE4ABDE1DBF3989007205FD /* TravellingVortexPressure.m */ = {isa = PBXFileReference; lastKnownFileType = sourcecode.c.objc; path = TravellingVortexPressure.m; sourceTree = "<group>"; };
		9AE5E7002019C80300399B1A /* Hydrostatics.c */ = {isa = PBXFileReference; fileEncoding = 4; lastKnownFileType = sourcecode.c.c; path = Hydrostatics.c; sourceTree = "<group>"; };
		9AE5E7012019C80300399B1A /* Hydrostatics.h */ = {isa = PBXFileReference; fileEncoding = 4; lastKnownFileType = sourcecode.c.h; path = Hydrostatics.h; sourceTree = "<group>"; };
/* End PBXFileReference section */

/* Begin PBXFrameworksBuildPhase section */
		9AC4F9081DA3F02D00AED455 /* Frameworks */ = {
			isa = PBXFrameworksBuildPhase;
			buildActionMask = 2147483647;
			files = (
				9A21BF841DA5847F006A6F34 /* libdf.dylib in Frameworks */,
				9A21BF821DA58470006A6F34 /* libmfhdf.dylib in Frameworks */,
			);
			runOnlyForDeploymentPostprocessing = 0;
		};
/* End PBXFrameworksBuildPhase section */

/* Begin PBXGroup section */
		9A21BF801DA5843A006A6F34 /* HDF */ = {
			isa = PBXGroup;
			children = (
				9A21BF811DA58470006A6F34 /* libmfhdf.dylib */,
				9A21BF831DA5847F006A6F34 /* libdf.dylib */,
			);
			name = HDF;
			path = ..;
			sourceTree = "<group>";
		};
		9A3583371DB7385600A73EC1 /* Hydrostatics */ = {
			isa = PBXGroup;
			children = (
				9AE5E7002019C80300399B1A /* Hydrostatics.c */,
				9AE5E7012019C80300399B1A /* Hydrostatics.h */,
			);
			path = Hydrostatics;
			sourceTree = "<group>";
		};
		9AA6E688214C13FB008A9B8D /* MakeBuilds */ = {
			isa = PBXGroup;
			children = (
				9AA6E68A214C14D9008A9B8D /* Makefile */,
			);
			path = MakeBuilds;
			sourceTree = "<group>";
		};
		9AA8CE5B2218793D009477C0 /* MolecularTransport */ = {
			isa = PBXGroup;
			children = (
				9AA8CE5822187924009477C0 /* molecular_transport.c */,
				9AA8CE5922187924009477C0 /* molecular_transport.h */,
			);
			name = MolecularTransport;
			path = "New Group";
			sourceTree = "<group>";
		};
		9AB5078D223562EB0075502D /* paper_2019 */ = {
			isa = PBXGroup;
			children = (
				9AB5078E223562EB0075502D /* Bibliography.bib */,
				9AB5078F223562EB0075502D /* hydro_comp_numerics_mwr.tex */,
			);
			path = paper_2019;
			sourceTree = "<group>";
		};
		9AC4F9021DA3F02D00AED455 = {
			isa = PBXGroup;
			children = (
				9AC4F90D1DA3F02D00AED455 /* RKLM_Reference */,
				9AC4F90C1DA3F02D00AED455 /* Products */,
			);
			sourceTree = "<group>";
		};
		9AC4F90C1DA3F02D00AED455 /* Products */ = {
			isa = PBXGroup;
			children = (
				9AC4F90B1DA3F02D00AED455 /* RKLM_Reference */,
			);
			name = Products;
			sourceTree = "<group>";
		};
		9AC4F90D1DA3F02D00AED455 /* RKLM_Reference */ = {
			isa = PBXGroup;
			children = (
				9AA6E688214C13FB008A9B8D /* MakeBuilds */,
				9AE4ABD01DBF3988007205FD /* MatLab */,
				9AC4F9161DA3F06F00AED455 /* Doc */,
				9AC4F9151DA3F06F00AED455 /* Common.h */,
				9AC4F9221DA3F06F00AED455 /* Input */,
				9AC4F9381DA3F06F00AED455 /* Management */,
				9AC4F9461DA3F06F00AED455 /* NumericsFundamentals */,
				9AC4F9551DA3F06F00AED455 /* Physics */,
				9A21BF801DA5843A006A6F34 /* HDF */,
			);
			path = RKLM_Reference;
			sourceTree = "<group>";
		};
		9AC4F9161DA3F06F00AED455 /* Doc */ = {
			isa = PBXGroup;
			children = (
				9AB5078D223562EB0075502D /* paper_2019 */,
				9A7A55E521873A4400446950 /* .gitignore */,
				9A8840AE2148EB2700FC83CB /* RandomNotes.txt */,
				9AC4F9171DA3F06F00AED455 /* Bibliography.bib */,
				9AC4F9181DA3F06F00AED455 /* FluidMechanics.bst */,
				9AC4F9191DA3F06F00AED455 /* Graphics */,
				9AC4F9211DA3F06F00AED455 /* RKLM_Documentation.tex */,
				9ADC1B4D1F46C0F30053F709 /* Semi-implicit-gravity.tex */,
			);
			path = Doc;
			sourceTree = "<group>";
		};
		9AC4F9191DA3F06F00AED455 /* Graphics */ = {
			isa = PBXGroup;
			children = (
				9A8A8DCF21552FCE00FD5838 /* Grid.eps */,
				9A8A8DCE2154F67D00FD5838 /* Grid.pdf */,
				9AC4F91A1DA3F06F00AED455 /* PrimaryAndDualGrid.pdf */,
				9A1ED37C206D0C9200D622A9 /* PrimaryAndDualGrid.eps */,
			);
			path = Graphics;
			sourceTree = "<group>";
		};
		9AC4F9221DA3F06F00AED455 /* Input */ = {
			isa = PBXGroup;
			children = (
				9AB5079022368A010075502D /* userdata_BreakingWave.c */,
				9AC4F9311DA3F06F00AED455 /* userdata.h */,
				9AC4F9231DA3F06F00AED455 /* boundary.c */,
				9AC4F9241DA3F06F00AED455 /* boundary.h */,
				9AC4F9261DA3F06F00AED455 /* enum_bdry.h */,
			);
			path = Input;
			sourceTree = "<group>";
		};
		9AC4F9381DA3F06F00AED455 /* Management */ = {
			isa = PBXGroup;
			children = (
				9AC4F9391DA3F06F00AED455 /* data.c */,
				9AC4F93A1DA3F06F00AED455 /* data.h */,
				9AC4F93B1DA3F06F00AED455 /* enumerator.h */,
				9AC4F93C1DA3F06F00AED455 /* error.h */,
				9AC4F93D1DA3F06F00AED455 /* io.c */,
				9AC4F93E1DA3F06F00AED455 /* io.h */,
				9AC4F93F1DA3F06F00AED455 /* Main.c */,
				9AC4F9401DA3F06F00AED455 /* main.h */,
				9AC4F9411DA3F06F00AED455 /* memory.c */,
				9AC4F9421DA3F06F00AED455 /* memory.h */,
				9AC4F9431DA3F06F00AED455 /* variable.c */,
				9AC4F9441DA3F06F00AED455 /* variable.h */,
				9AC4F9451DA3F06F00AED455 /* warning.h */,
			);
			path = Management;
			sourceTree = "<group>";
		};
		9AC4F9461DA3F06F00AED455 /* NumericsFundamentals */ = {
			isa = PBXGroup;
			children = (
				9AC4F9471DA3F06F00AED455 /* Discretization */,
				9AC4F94F1DA3F06F00AED455 /* math_own.h */,
				9AC4F9501DA3F06F00AED455 /* ofGeneralInterest */,
			);
			path = NumericsFundamentals;
			sourceTree = "<group>";
		};
		9AC4F9471DA3F06F00AED455 /* Discretization */ = {
			isa = PBXGroup;
			children = (
				9AC4F9481DA3F06F00AED455 /* kgrid.c */,
				9AC4F9491DA3F06F00AED455 /* kgrid.h */,
				9AC4F94A1DA3F06F00AED455 /* time_discretization.c */,
				9AC4F94B1DA3F06F00AED455 /* time_discretization.h */,
			);
			path = Discretization;
			sourceTree = "<group>";
		};
		9AC4F9501DA3F06F00AED455 /* ofGeneralInterest */ = {
			isa = PBXGroup;
			children = (
				9AC4F9511DA3F06F00AED455 /* SimpleUtilities.c */,
				9AC4F9521DA3F06F00AED455 /* SimpleUtilities.h */,
				9ADB58871E07C77E0032A9F2 /* Thomas_Algorithmus_2.c */,
				9AC4F9541DA3F06F00AED455 /* ThomasAlgorithmus.h */,
			);
			path = ofGeneralInterest;
			sourceTree = "<group>";
		};
		9AC4F9551DA3F06F00AED455 /* Physics */ = {
			isa = PBXGroup;
			children = (
				9AA8CE5B2218793D009477C0 /* MolecularTransport */,
				9AC4F9561DA3F06F00AED455 /* Gasdynamics */,
				9A3583371DB7385600A73EC1 /* Hydrostatics */,
				9AC4F9671DA3F06F00AED455 /* LowMach */,
			);
			path = Physics;
			sourceTree = "<group>";
		};
		9AC4F9561DA3F06F00AED455 /* Gasdynamics */ = {
			isa = PBXGroup;
			children = (
				9AC4F9571DA3F06F00AED455 /* Eos.c */,
				9AC4F9581DA3F06F00AED455 /* Eos.h */,
				9AC4F95A1DA3F06F00AED455 /* explicit.c */,
				9AC4F95B1DA3F06F00AED455 /* explicit.h */,
				9AC4F95C1DA3F06F00AED455 /* Gasdynamics.c */,
				9AC4F95D1DA3F06F00AED455 /* Gasdynamics.h */,
				9AC4F95E1DA3F06F00AED455 /* limiter.c */,
				9AC4F95F1DA3F06F00AED455 /* limiter.h */,
				9AC4F9601DA3F06F00AED455 /* numerical_flux.c */,
				9AC4F9611DA3F06F00AED455 /* numerical_flux.h */,
				9AC4F9631DA3F06F00AED455 /* recovery.c */,
				9AC4F9641DA3F06F00AED455 /* recovery.h */,
				9AC4F9651DA3F06F00AED455 /* thermodynamic.c */,
				9AC4F9661DA3F06F00AED455 /* thermodynamic.h */,
			);
			path = Gasdynamics;
			sourceTree = "<group>";
		};
		9AC4F9671DA3F06F00AED455 /* LowMach */ = {
			isa = PBXGroup;
			children = (
				9AC4F9751DA3F06F00AED455 /* mpv.c */,
				9AC4F9761DA3F06F00AED455 /* mpv.h */,
				9AC4F9771DA3F06F00AED455 /* Second-projection */,
			);
			path = LowMach;
			sourceTree = "<group>";
		};
		9AC4F9771DA3F06F00AED455 /* Second-projection */ = {
			isa = PBXGroup;
			children = (
				9A8840B4214A9D4F00FC83CB /* second_projection.c */,
				9A8840B5214A9D5000FC83CB /* second_projection.h */,
				9AC4F9781DA3F06F00AED455 /* laplacian_nodes.c */,
				9AC4F9791DA3F06F00AED455 /* laplacian_nodes.h */,
				9AC4F97D1DA3F06F00AED455 /* variable_coefficient_poisson_nodes.c */,
				9AC4F97E1DA3F06F00AED455 /* variable_coefficient_poisson_nodes.h */,
			);
			path = "Second-projection";
			sourceTree = "<group>";
		};
		9AE4ABD01DBF3988007205FD /* MatLab */ = {
			isa = PBXGroup;
			children = (
				9AE4ABD11DBF3988007205FD /* CheckSymmetries.m */,
				9AE4ABD21DBF3989007205FD /* CheckSymmetry.m */,
				9AE4ABDB1DBF3989007205FD /* Show_sequence.m */,
				9AE4ABDC1DBF3989007205FD /* Show_sequence_3D.m */,
				9AE4ABDD1DBF3989007205FD /* SymmetryTests.m */,
				9AE4ABDE1DBF3989007205FD /* TravellingVortexPressure.m */,
			);
			path = MatLab;
			sourceTree = SOURCE_ROOT;
		};
/* End PBXGroup section */

/* Begin PBXNativeTarget section */
		9AC4F90A1DA3F02D00AED455 /* RKLM_Reference */ = {
			isa = PBXNativeTarget;
			buildConfigurationList = 9AC4F9121DA3F02D00AED455 /* Build configuration list for PBXNativeTarget "RKLM_Reference" */;
			buildPhases = (
				9AC4F9071DA3F02D00AED455 /* Sources */,
				9AC4F9081DA3F02D00AED455 /* Frameworks */,
				9AC4F9091DA3F02D00AED455 /* CopyFiles */,
			);
			buildRules = (
			);
			dependencies = (
			);
			name = RKLM_Reference;
			productName = RKLM_Reference;
			productReference = 9AC4F90B1DA3F02D00AED455 /* RKLM_Reference */;
			productType = "com.apple.product-type.tool";
		};
/* End PBXNativeTarget section */

/* Begin PBXProject section */
		9AC4F9031DA3F02D00AED455 /* Project object */ = {
			isa = PBXProject;
			attributes = {
				LastUpgradeCheck = 0910;
				ORGANIZATIONNAME = "Klein, Rupert";
				TargetAttributes = {
					9AC4F90A1DA3F02D00AED455 = {
						CreatedOnToolsVersion = 7.2;
					};
				};
			};
			buildConfigurationList = 9AC4F9061DA3F02D00AED455 /* Build configuration list for PBXProject "RKLM_Reference" */;
			compatibilityVersion = "Xcode 3.2";
			developmentRegion = English;
			hasScannedForEncodings = 0;
			knownRegions = (
				en,
			);
			mainGroup = 9AC4F9021DA3F02D00AED455;
			productRefGroup = 9AC4F90C1DA3F02D00AED455 /* Products */;
			projectDirPath = "";
			projectRoot = "";
			targets = (
				9AC4F90A1DA3F02D00AED455 /* RKLM_Reference */,
			);
		};
/* End PBXProject section */

/* Begin PBXSourcesBuildPhase section */
		9AC4F9071DA3F02D00AED455 /* Sources */ = {
			isa = PBXSourcesBuildPhase;
			buildActionMask = 2147483647;
			files = (
				9AE5E7022019C80300399B1A /* Hydrostatics.c in Sources */,
				9AC4F9911DA3F06F00AED455 /* data.c in Sources */,
				9AC4F9991DA3F06F00AED455 /* SimpleUtilities.c in Sources */,
				9AC4F9AB1DA3F06F00AED455 /* mpv.c in Sources */,
				9AC4F9971DA3F06F00AED455 /* time_discretization.c in Sources */,
				9AC4F9841DA3F06F00AED455 /* boundary.c in Sources */,
				9AC4F9951DA3F06F00AED455 /* variable.c in Sources */,
				9AC4F9921DA3F06F00AED455 /* io.c in Sources */,
				9AB5079122368A010075502D /* userdata_BreakingWave.c in Sources */,
				9AC4F99D1DA3F06F00AED455 /* explicit.c in Sources */,
				9AC4F9941DA3F06F00AED455 /* memory.c in Sources */,
				9AC4F9AF1DA3F06F00AED455 /* variable_coefficient_poisson_nodes.c in Sources */,
				9ADB58891E07C77E0032A9F2 /* Thomas_Algorithmus_2.c in Sources */,
				9A8840B6214A9D5000FC83CB /* second_projection.c in Sources */,
				9AC4F9931DA3F06F00AED455 /* Main.c in Sources */,
				9AA8CE5A22187924009477C0 /* molecular_transport.c in Sources */,
				9AC4F9A31DA3F06F00AED455 /* thermodynamic.c in Sources */,
				9AC4F9A01DA3F06F00AED455 /* numerical_flux.c in Sources */,
				9AC4F9A21DA3F06F00AED455 /* recovery.c in Sources */,
				9AC4F99E1DA3F06F00AED455 /* Gasdynamics.c in Sources */,
				9AC4F99F1DA3F06F00AED455 /* limiter.c in Sources */,
				9AC4F99B1DA3F06F00AED455 /* Eos.c in Sources */,
				9AC4F9AC1DA3F06F00AED455 /* laplacian_nodes.c in Sources */,
				9AA6E68B214C14D9008A9B8D /* Makefile in Sources */,
				9AC4F9961DA3F06F00AED455 /* kgrid.c in Sources */,
			);
			runOnlyForDeploymentPostprocessing = 0;
		};
/* End PBXSourcesBuildPhase section */

/* Begin XCBuildConfiguration section */
		9AC4F9101DA3F02D00AED455 /* Debug */ = {
			isa = XCBuildConfiguration;
			buildSettings = {
				ALWAYS_SEARCH_USER_PATHS = NO;
				CLANG_CXX_LANGUAGE_STANDARD = "gnu++0x";
				CLANG_CXX_LIBRARY = "libc++";
				CLANG_ENABLE_MODULES = YES;
				CLANG_ENABLE_OBJC_ARC = YES;
				CLANG_WARN_BLOCK_CAPTURE_AUTORELEASING = YES;
				CLANG_WARN_BOOL_CONVERSION = YES;
				CLANG_WARN_COMMA = YES;
				CLANG_WARN_CONSTANT_CONVERSION = YES;
				CLANG_WARN_DIRECT_OBJC_ISA_USAGE = YES_ERROR;
				CLANG_WARN_EMPTY_BODY = YES;
				CLANG_WARN_ENUM_CONVERSION = YES;
				CLANG_WARN_INFINITE_RECURSION = YES;
				CLANG_WARN_INT_CONVERSION = YES;
				CLANG_WARN_NON_LITERAL_NULL_CONVERSION = YES;
				CLANG_WARN_OBJC_LITERAL_CONVERSION = YES;
				CLANG_WARN_OBJC_ROOT_CLASS = YES_ERROR;
				CLANG_WARN_RANGE_LOOP_ANALYSIS = YES;
				CLANG_WARN_STRICT_PROTOTYPES = YES;
				CLANG_WARN_SUSPICIOUS_MOVE = YES;
				CLANG_WARN_UNREACHABLE_CODE = YES;
				CLANG_WARN__DUPLICATE_METHOD_MATCH = YES;
				CODE_SIGN_IDENTITY = "-";
				COPY_PHASE_STRIP = NO;
				DEBUG_INFORMATION_FORMAT = dwarf;
				ENABLE_STRICT_OBJC_MSGSEND = YES;
				ENABLE_TESTABILITY = YES;
				GCC_C_LANGUAGE_STANDARD = gnu99;
				GCC_DYNAMIC_NO_PIC = NO;
				GCC_NO_COMMON_BLOCKS = YES;
				GCC_OPTIMIZATION_LEVEL = 0;
				GCC_PREPROCESSOR_DEFINITIONS = (
					"DEBUG=1",
					"$(inherited)",
				);
				GCC_WARN_64_TO_32_BIT_CONVERSION = YES;
				GCC_WARN_ABOUT_RETURN_TYPE = YES_ERROR;
				GCC_WARN_UNDECLARED_SELECTOR = YES;
				GCC_WARN_UNINITIALIZED_AUTOS = YES_AGGRESSIVE;
				GCC_WARN_UNUSED_FUNCTION = YES;
				GCC_WARN_UNUSED_VARIABLE = YES;
				MACOSX_DEPLOYMENT_TARGET = 10.12;
				MTL_ENABLE_DEBUG_INFO = YES;
				ONLY_ACTIVE_ARCH = YES;
				SDKROOT = macosx;
			};
			name = Debug;
		};
		9AC4F9111DA3F02D00AED455 /* Release */ = {
			isa = XCBuildConfiguration;
			buildSettings = {
				ALWAYS_SEARCH_USER_PATHS = NO;
				CLANG_CXX_LANGUAGE_STANDARD = "gnu++0x";
				CLANG_CXX_LIBRARY = "libc++";
				CLANG_ENABLE_MODULES = YES;
				CLANG_ENABLE_OBJC_ARC = YES;
				CLANG_WARN_BLOCK_CAPTURE_AUTORELEASING = YES;
				CLANG_WARN_BOOL_CONVERSION = YES;
				CLANG_WARN_COMMA = YES;
				CLANG_WARN_CONSTANT_CONVERSION = YES;
				CLANG_WARN_DIRECT_OBJC_ISA_USAGE = YES_ERROR;
				CLANG_WARN_EMPTY_BODY = YES;
				CLANG_WARN_ENUM_CONVERSION = YES;
				CLANG_WARN_INFINITE_RECURSION = YES;
				CLANG_WARN_INT_CONVERSION = YES;
				CLANG_WARN_NON_LITERAL_NULL_CONVERSION = YES;
				CLANG_WARN_OBJC_LITERAL_CONVERSION = YES;
				CLANG_WARN_OBJC_ROOT_CLASS = YES_ERROR;
				CLANG_WARN_RANGE_LOOP_ANALYSIS = YES;
				CLANG_WARN_STRICT_PROTOTYPES = YES;
				CLANG_WARN_SUSPICIOUS_MOVE = YES;
				CLANG_WARN_UNREACHABLE_CODE = YES;
				CLANG_WARN__DUPLICATE_METHOD_MATCH = YES;
				CODE_SIGN_IDENTITY = "-";
				COPY_PHASE_STRIP = NO;
				DEBUG_INFORMATION_FORMAT = "dwarf-with-dsym";
				ENABLE_NS_ASSERTIONS = NO;
				ENABLE_STRICT_OBJC_MSGSEND = YES;
				GCC_C_LANGUAGE_STANDARD = gnu99;
				GCC_NO_COMMON_BLOCKS = YES;
				GCC_WARN_64_TO_32_BIT_CONVERSION = YES;
				GCC_WARN_ABOUT_RETURN_TYPE = YES_ERROR;
				GCC_WARN_UNDECLARED_SELECTOR = YES;
				GCC_WARN_UNINITIALIZED_AUTOS = YES_AGGRESSIVE;
				GCC_WARN_UNUSED_FUNCTION = YES;
				GCC_WARN_UNUSED_VARIABLE = YES;
				MACOSX_DEPLOYMENT_TARGET = 10.12;
				MTL_ENABLE_DEBUG_INFO = NO;
				SDKROOT = macosx;
			};
			name = Release;
		};
		9AC4F9131DA3F02D00AED455 /* Debug */ = {
			isa = XCBuildConfiguration;
			buildSettings = {
				LIBRARY_SEARCH_PATHS = (
					"$(inherited)",
					/opt/local/lib,
				);
				PRODUCT_NAME = "$(TARGET_NAME)";
			};
			name = Debug;
		};
		9AC4F9141DA3F02D00AED455 /* Release */ = {
			isa = XCBuildConfiguration;
			buildSettings = {
				LIBRARY_SEARCH_PATHS = (
					"$(inherited)",
					/opt/local/lib,
				);
				PRODUCT_NAME = "$(TARGET_NAME)";
			};
			name = Release;
		};
/* End XCBuildConfiguration section */

/* Begin XCConfigurationList section */
		9AC4F9061DA3F02D00AED455 /* Build configuration list for PBXProject "RKLM_Reference" */ = {
			isa = XCConfigurationList;
			buildConfigurations = (
				9AC4F9101DA3F02D00AED455 /* Debug */,
				9AC4F9111DA3F02D00AED455 /* Release */,
			);
			defaultConfigurationIsVisible = 0;
			defaultConfigurationName = Release;
		};
		9AC4F9121DA3F02D00AED455 /* Build configuration list for PBXNativeTarget "RKLM_Reference" */ = {
			isa = XCConfigurationList;
			buildConfigurations = (
				9AC4F9131DA3F02D00AED455 /* Debug */,
				9AC4F9141DA3F02D00AED455 /* Release */,
			);
			defaultConfigurationIsVisible = 0;
			defaultConfigurationName = Release;
		};
/* End XCConfigurationList section */
	};
	rootObject = 9AC4F9031DA3F02D00AED455 /* Project object */;
}
